
Microsoft Visual Studio Solution File, Format Version 12.00
# Visual Studio Version 17
VisualStudioVersion = 17.0.31903.59
MinimumVisualStudioVersion = 10.0.40219.1
Project("{FAE04EC0-301F-11D3-BF4B-00C04F79EFBC}") = "CheckBox kontrola", "CheckBox kontrola.csproj", "{74E074C3-A632-4EC2-A032-F0FB3BDDF3CD}"
EndProject
Global
	GlobalSection(SolutionConfigurationPlatforms) = preSolution
		Debug|Any CPU = Debug|Any CPU
		Release|Any CPU = Release|Any CPU
	EndGlobalSection
	GlobalSection(ProjectConfigurationPlatforms) = postSolution
		{74E074C3-A632-4EC2-A032-F0FB3BDDF3CD}.Debug|Any CPU.ActiveCfg = Debug|Any CPU
		{74E074C3-A632-4EC2-A032-F0FB3BDDF3CD}.Debug|Any CPU.Build.0 = Debug|Any CPU
		{74E074C3-A632-4EC2-A032-F0FB3BDDF3CD}.Release|Any CPU.ActiveCfg = Release|Any CPU
		{74E074C3-A632-4EC2-A032-F0FB3BDDF3CD}.Release|Any CPU.Build.0 = Release|Any CPU
	EndGlobalSection
	GlobalSection(SolutionProperties) = preSolution
		HideSolutionNode = FALSE
	EndGlobalSection
	GlobalSection(ExtensibilityGlobals) = postSolution
		SolutionGuid = {CF6FC0F2-1101-4B72-8965-EB34ED1FC3CB}
	EndGlobalSection
EndGlobal
